
Microsoft Visual Studio Solution File, Format Version 12.00
# Visual Studio Version 17
VisualStudioVersion = 17.9.34607.119
MinimumVisualStudioVersion = 10.0.40219.1
Project("{FAE04EC0-301F-11D3-BF4B-00C04F79EFBC}") = "todoList.API", "todoList.API\todoList.API.csproj", "{A632FC32-20F7-4FD5-AAB8-C399C5A6B126}"
EndProject
Global
	GlobalSection(SolutionConfigurationPlatforms) = preSolution
		Debug|Any CPU = Debug|Any CPU
		Release|Any CPU = Release|Any CPU
	EndGlobalSection
	GlobalSection(ProjectConfigurationPlatforms) = postSolution
		{A632FC32-20F7-4FD5-AAB8-C399C5A6B126}.Debug|Any CPU.ActiveCfg = Debug|Any CPU
		{A632FC32-20F7-4FD5-AAB8-C399C5A6B126}.Debug|Any CPU.Build.0 = Debug|Any CPU
		{A632FC32-20F7-4FD5-AAB8-C399C5A6B126}.Release|Any CPU.ActiveCfg = Release|Any CPU
		{A632FC32-20F7-4FD5-AAB8-C399C5A6B126}.Release|Any CPU.Build.0 = Release|Any CPU
	EndGlobalSection
	GlobalSection(SolutionProperties) = preSolution
		HideSolutionNode = FALSE
	EndGlobalSection
	GlobalSection(ExtensibilityGlobals) = postSolution
		SolutionGuid = {29232000-F8EC-4782-9AD4-75D7E0B1D450}
	EndGlobalSection
EndGlobal
